
Microsoft Visual Studio Solution File, Format Version 12.00
# Visual Studio Version 16
VisualStudioVersion = 16.0.31105.61
MinimumVisualStudioVersion = 10.0.40219.1
Project("{FAE04EC0-301F-11D3-BF4B-00C04F79EFBC}") = "TP_4", "TP_4.csproj", "{2012F9CA-5585-401E-B52E-520AB1AA9440}"
EndProject
Global
	GlobalSection(SolutionConfigurationPlatforms) = preSolution
		Debug|Any CPU = Debug|Any CPU
		Release|Any CPU = Release|Any CPU
	EndGlobalSection
	GlobalSection(ProjectConfigurationPlatforms) = postSolution
		{2012F9CA-5585-401E-B52E-520AB1AA9440}.Debug|Any CPU.ActiveCfg = Debug|Any CPU
		{2012F9CA-5585-401E-B52E-520AB1AA9440}.Debug|Any CPU.Build.0 = Debug|Any CPU
		{2012F9CA-5585-401E-B52E-520AB1AA9440}.Release|Any CPU.ActiveCfg = Release|Any CPU
		{2012F9CA-5585-401E-B52E-520AB1AA9440}.Release|Any CPU.Build.0 = Release|Any CPU
	EndGlobalSection
	GlobalSection(SolutionProperties) = preSolution
		HideSolutionNode = FALSE
	EndGlobalSection
	GlobalSection(ExtensibilityGlobals) = postSolution
		SolutionGuid = {32524CAF-B4C0-4C49-B6FE-332F96C2D8D8}
	EndGlobalSection
EndGlobal
