
Microsoft Visual Studio Solution File, Format Version 12.00
# Visual Studio Version 16
VisualStudioVersion = 16.0.31105.61
MinimumVisualStudioVersion = 10.0.40219.1
Project("{9A19103F-16F7-4668-BE54-9A1E7A4F7556}") = "TPI-Musso Tulio", "TPI-Musso Tulio.csproj", "{CA278127-3C09-4C66-AC37-F32B4B020882}"
EndProject
Project("{9A19103F-16F7-4668-BE54-9A1E7A4F7556}") = "XUnitTestMateAR", "..\..\XUnitTestMateAR\XUnitTestMateAR.csproj", "{193E081C-8AB6-4510-AE46-A46E068E4E4C}"
EndProject
Global
	GlobalSection(SolutionConfigurationPlatforms) = preSolution
		Debug|Any CPU = Debug|Any CPU
		Release|Any CPU = Release|Any CPU
	EndGlobalSection
	GlobalSection(ProjectConfigurationPlatforms) = postSolution
		{CA278127-3C09-4C66-AC37-F32B4B020882}.Debug|Any CPU.ActiveCfg = Debug|Any CPU
		{CA278127-3C09-4C66-AC37-F32B4B020882}.Debug|Any CPU.Build.0 = Debug|Any CPU
		{CA278127-3C09-4C66-AC37-F32B4B020882}.Release|Any CPU.ActiveCfg = Release|Any CPU
		{CA278127-3C09-4C66-AC37-F32B4B020882}.Release|Any CPU.Build.0 = Release|Any CPU
		{193E081C-8AB6-4510-AE46-A46E068E4E4C}.Debug|Any CPU.ActiveCfg = Debug|Any CPU
		{193E081C-8AB6-4510-AE46-A46E068E4E4C}.Debug|Any CPU.Build.0 = Debug|Any CPU
		{193E081C-8AB6-4510-AE46-A46E068E4E4C}.Release|Any CPU.ActiveCfg = Release|Any CPU
		{193E081C-8AB6-4510-AE46-A46E068E4E4C}.Release|Any CPU.Build.0 = Release|Any CPU
	EndGlobalSection
	GlobalSection(SolutionProperties) = preSolution
		HideSolutionNode = FALSE
	EndGlobalSection
	GlobalSection(ExtensibilityGlobals) = postSolution
		SolutionGuid = {7012B99A-6F56-45C6-BC60-F681DA10F3BE}
	EndGlobalSection
EndGlobal
